version = 1
revision = 1
requires-python = ">=3.11"

[[package]]
name = "blake3"
version = "1.0.5"
source = { registry = "https://pypi.org/simple" }
sdist = { url = "https://files.pythonhosted.org/packages/e7/08/22b6326dbe002ca77c92082b37b14a935003897b0e3eed025da92c700751/blake3-1.0.5.tar.gz", hash = "sha256:7bac73f393a67ea6d5ac32e4a45d39c184487c89c712ab3ed839c1a51ed82259", size = 115140 }
wheels = [
    { url = "https://files.pythonhosted.org/packages/6f/33/6c03c1082da982f7c6ed550eb6db2a89eeb3cc4a10d9311f0bbaa57aa314/blake3-1.0.5-cp311-cp311-macosx_10_12_x86_64.whl", hash = "sha256:75a17094007f7bbed0b1b82f7985c2008b691c7375b21dfc0e9197eae2e622a3", size = 349325 },
    { url = "https://files.pythonhosted.org/packages/d6/3c/3fc09f05849f060cd3065eb90b1abe7455fccece86e6ff096d558b75861a/blake3-1.0.5-cp311-cp311-macosx_11_0_arm64.whl", hash = "sha256:94e514468492e8f7eaaa885702db1d365e05214fec3219f3df120b45c7ac86f3", size = 332342 },
    { url = "https://files.pythonhosted.org/packages/d4/b8/416afb5942c31230c119a7456f05532d38544a801be29b39079635116e5e/blake3-1.0.5-cp311-cp311-manylinux_2_17_aarch64.manylinux2014_aarch64.whl", hash = "sha256:78a8628d060e46787094e0178def67b4a71df30e71022ff33441481dab7d2dba", size = 375303 },
    { url = "https://files.pythonhosted.org/packages/83/fc/aef6f20b7f37fd0ef09ecf3c7e22889a94c4d624006d1b60b18602dd7343/blake3-1.0.5-cp311-cp311-manylinux_2_17_armv7l.manylinux2014_armv7l.whl", hash = "sha256:3f8ab3f6914ec5267079197e6438d2e05ba37f323658fc18e6d3fc1b3e4ca732", size = 376350 },
    { url = "https://files.pythonhosted.org/packages/78/8a/0abecd381ea68661c2325066feeee3c6ce2bafb90cfdd748b67b2a199b6b/blake3-1.0.5-cp311-cp311-manylinux_2_17_i686.manylinux2014_i686.whl", hash = "sha256:8bf416d9d435a3b804c6df1dc9603388f0df261f1a45962f6d6be5079ff8c7d8", size = 447406 },
    { url = "https://files.pythonhosted.org/packages/f6/52/0780e0386e88c50416082a48618cb91084ea1f3bfe6bcae005f00141ff3f/blake3-1.0.5-cp311-cp311-manylinux_2_17_ppc64le.manylinux2014_ppc64le.whl", hash = "sha256:975fe08ed27e0c4d8ae21e8154afff996fc1b140703b14b8fe5987e8fb1e23d6", size = 510865 },
    { url = "https://files.pythonhosted.org/packages/ad/e8/021316b0ad48ca09f388c2b2228a3a5f5327cb8fefcc68c63a902886e093/blake3-1.0.5-cp311-cp311-manylinux_2_17_s390x.manylinux2014_s390x.whl", hash = "sha256:a11b5227f6b64bb1f6f497fc2878d0d4ee1cb22ae5fad67b0560c8a59d562b02", size = 395253 },
    { url = "https://files.pythonhosted.org/packages/63/fc/d9a91e69e52f8ddabbad30a68a4185644c30fd26e33605120a185438c458/blake3-1.0.5-cp311-cp311-manylinux_2_17_x86_64.manylinux2014_x86_64.whl", hash = "sha256:0e9708095242ebb83297c5a3d4ae030799d679a73b1f3116cfe09ba6db6e36e6", size = 385498 },
    { url = "https://files.pythonhosted.org/packages/f7/a8/9668b4c1ab88fc5776952b39cd6b0f5840c6e8ff42037f4a8806caf5ee0e/blake3-1.0.5-cp311-cp311-musllinux_1_1_aarch64.whl", hash = "sha256:6c195195feceef51282a232195b2684cdf6c9d0684b3cbcd2162334c0921b21a", size = 551534 },
    { url = "https://files.pythonhosted.org/packages/0b/e3/910661b716d877c3bad7713d2d1b062699aa95808a36dd5a1af7cbe67dee/blake3-1.0.5-cp311-cp311-musllinux_1_1_x86_64.whl", hash = "sha256:b5734d527edd6a8841b8056fb9a45683eb4388c55fd7b31949e4c904a149b1cc", size = 556656 },
    { url = "https://files.pythonhosted.org/packages/dd/22/5dd64c001baf5aa8278e7b12cbbfad3622b745797acf277d6c6b44ad52cf/blake3-1.0.5-cp311-cp311-win32.whl", hash = "sha256:9cba19637499955aa91aefa42e5da42314867c2e0d2d32620b47c224c12df1ba", size = 234543 },
    { url = "https://files.pythonhosted.org/packages/0c/10/4a31b9f46ef4c3622720984d66f05065ddac09caa74bf8014d2f059ce86d/blake3-1.0.5-cp311-cp311-win_amd64.whl", hash = "sha256:a2749ee55babd303aaf916038a84f2bc5a395950c3566aa8d5df8652483c81d0", size = 222407 },
    { url = "https://files.pythonhosted.org/packages/8f/a4/7ea6cb45d8ce36b05dd01cc35a1bf9921c07d36dc56869e461f0e832ca76/blake3-1.0.5-cp312-cp312-macosx_10_12_x86_64.whl", hash = "sha256:73dd1bfc802e2343113805d104b9600e794bf700c844f05dda86a9a05c0e7c41", size = 345971 },
    { url = "https://files.pythonhosted.org/packages/13/09/87c56b1d3113e1381178e2ff386ac58d32b23c65b20054ce4b8de59be93d/blake3-1.0.5-cp312-cp312-macosx_11_0_arm64.whl", hash = "sha256:d4e53332a5db53a652395f5e56c72fb81c7e584a192e6931a4eb3f9b32edcf0a", size = 328272 },
    { url = "https://files.pythonhosted.org/packages/c1/40/b81a25077df6fa1722be8c268732205281e12a244f9d5a15e9e72c2baa04/blake3-1.0.5-cp312-cp312-manylinux_2_17_aarch64.manylinux2014_aarch64.whl", hash = "sha256:abe84cc2db3172bbade48dbf7b6029decb82e9cd382bc3cb783b8624a3ee55d8", size = 374599 },
    { url = "https://files.pythonhosted.org/packages/58/1b/8fc14c7b7ae116edc42f8e8cd5c21a99d8b68ab761e31347c4c9c6bbedf6/blake3-1.0.5-cp312-cp312-manylinux_2_17_armv7l.manylinux2014_armv7l.whl", hash = "sha256:ca8935b4a733968a463d6445dc7cb0dcc09759c280df4847f020deec8fcaff27", size = 375221 },
    { url = "https://files.pythonhosted.org/packages/26/fa/879c74815dbb39e9b91d35b672b25c3547435e479b9aaf1a80191a86f3f4/blake3-1.0.5-cp312-cp312-manylinux_2_17_i686.manylinux2014_i686.whl", hash = "sha256:12e5c722ef966f2b8df0d4024e6f4afd4c466bb0dcd3f8f671fad6cb5dab6a3e", size = 445913 },
    { url = "https://files.pythonhosted.org/packages/ce/91/e335f22765d7e80fd5aa6a25b2f2f5f0c5d649049f88d0c8ac1f6a8c431d/blake3-1.0.5-cp312-cp312-manylinux_2_17_ppc64le.manylinux2014_ppc64le.whl", hash = "sha256:15ecd628f824d5591a1958babd4217749f1facd3945f33a14c3e5fbb52ffb922", size = 509907 },
    { url = "https://files.pythonhosted.org/packages/9b/ec/c1676c275592efdb3a6e4489d0f5e029d38565593466ba70c42b73e76b1a/blake3-1.0.5-cp312-cp312-manylinux_2_17_s390x.manylinux2014_s390x.whl", hash = "sha256:a12b12df3c40089bf2785c333f8f1161b2a66ecacb44828de9fbf2868037934b", size = 395611 },
    { url = "https://files.pythonhosted.org/packages/5c/04/a86bfb3c20e859e43ead0b13be59afd98feb166ea929e76fa3d190f65f6e/blake3-1.0.5-cp312-cp312-manylinux_2_17_x86_64.manylinux2014_x86_64.whl", hash = "sha256:f39e8d36e33f413938230683f192f0565f44ee2b050ad92fb94b343706f3df55", size = 384757 },
    { url = "https://files.pythonhosted.org/packages/6b/bf/93ce719f88b48d5bcdf2f765789a5a955ea6a02a33f310321508c8421ad6/blake3-1.0.5-cp312-cp312-musllinux_1_1_aarch64.whl", hash = "sha256:7083e1b2cfb737c812e20d790c232c38045c7bfe37ef02526f395d491f90f213", size = 551032 },
    { url = "https://files.pythonhosted.org/packages/13/99/a2e644e0a2039977beb67abbc1f48f6f6c7e0f0c345665811cfa2880b196/blake3-1.0.5-cp312-cp312-musllinux_1_1_x86_64.whl", hash = "sha256:21240932fc914fd719e2d33297f29742c28a31d8a96cb666ec4679bf2c35aa48", size = 555543 },
    { url = "https://files.pythonhosted.org/packages/45/15/80d9b2866af5d7ec4c665bb961b16d3db9a9527a80de78e44b828129d51f/blake3-1.0.5-cp312-cp312-win32.whl", hash = "sha256:cba3e6d12bd310b5ff4970daddd7e77a0ca383678e1f0a1ec414d4c7cb083f9d", size = 234714 },
    { url = "https://files.pythonhosted.org/packages/09/a5/76cd4402c685ad1d336351f22483bc2ecd48e5604ba5f5ad340e22b8703a/blake3-1.0.5-cp312-cp312-win_amd64.whl", hash = "sha256:adb54b8bfe4fb2e8106b3a1bddc3614d2de555d2b657861068160176ff723eb0", size = 222127 },
    { url = "https://files.pythonhosted.org/packages/e0/88/6d3a1523f748a10841894706cc34f8293c942aa6e3bcb9f7ce26daccffe6/blake3-1.0.5-cp313-cp313-macosx_10_12_x86_64.whl", hash = "sha256:53d3469f99d868c065a202e1e6ba52beb715123706bb2019d0fc00f703bb95ef", size = 345629 },
    { url = "https://files.pythonhosted.org/packages/ff/20/b579b052ae5c37f007015d282f7ff3bd9052e1d713274498807c9d81fee4/blake3-1.0.5-cp313-cp313-macosx_11_0_arm64.whl", hash = "sha256:ee4517f925717bab87061f5c3fde7c669609da50c9ec4ea86c9239302b31b198", size = 327951 },
    { url = "https://files.pythonhosted.org/packages/70/fd/d387e5a1dd987bff808b67feca806005d4187f2766a60a2aa5649367b629/blake3-1.0.5-cp313-cp313-manylinux_2_17_aarch64.manylinux2014_aarch64.whl", hash = "sha256:db12ab293cd55d827829a5e96dcd348ad78aba777dbb7139883cb3bf1f724bcb", size = 373629 },
    { url = "https://files.pythonhosted.org/packages/a1/a9/5dc9dcc31d9b6ba127a7d27b15ff47b88e5d59821b20343306ae44a911c2/blake3-1.0.5-cp313-cp313-manylinux_2_17_armv7l.manylinux2014_armv7l.whl", hash = "sha256:5e9c26b9bc02ed039a67227cb643548f52226e48c2a68fe3a864cf3f204c5d2e", size = 374603 },
    { url = "https://files.pythonhosted.org/packages/39/2f/411beb9c70e25bf5a2b1a7c5bbe6da620dcd0e4f91a93eff1bd09fae9e9b/blake3-1.0.5-cp313-cp313-manylinux_2_17_i686.manylinux2014_i686.whl", hash = "sha256:24f6c9957973446bbafe0b93b50d1cd07fe31227d7a5e46a4da8d78ccf882dc1", size = 445504 },
    { url = "https://files.pythonhosted.org/packages/7a/2a/c16d4754805eed680e95307e46393c2d640f9ff060462c319ca5603ceddd/blake3-1.0.5-cp313-cp313-manylinux_2_17_ppc64le.manylinux2014_ppc64le.whl", hash = "sha256:71bdb08e6425da9a13135dfa9a9554438b2ba90aa97fe43f385b7e89781124f3", size = 509906 },
    { url = "https://files.pythonhosted.org/packages/c1/35/b09914fa19d9688bcc63ea1d0b1cb2aea29d99c82ec02e5ef07e1e395f7d/blake3-1.0.5-cp313-cp313-manylinux_2_17_s390x.manylinux2014_s390x.whl", hash = "sha256:344ae90921f68b4ce60a15ea5b5e6410eba5780e0b7f350b69768772176a10de", size = 395127 },
    { url = "https://files.pythonhosted.org/packages/93/a2/90cb6cf880c708f38469890fd38bd112cab9af81ee8d5d6cece2e04be595/blake3-1.0.5-cp313-cp313-manylinux_2_17_x86_64.manylinux2014_x86_64.whl", hash = "sha256:83dacc3e029672152240a93e81c9ee02fca599785cffe5e3d2c864aef582ec2e", size = 383970 },
    { url = "https://files.pythonhosted.org/packages/8e/11/01d43d9129a837ffb05b8c5cef4542a1680e31e1e036504066e3e2b27218/blake3-1.0.5-cp313-cp313-musllinux_1_1_aarch64.whl", hash = "sha256:6e9a1083e1dcce1155aac2288a01a1031b2bfaf17e210a70fb9aefd9454bcac9", size = 550036 },
    { url = "https://files.pythonhosted.org/packages/e3/47/9eb21dac9c78fefd52475d235e48c703122f58cd760f2696e6250dabd1a9/blake3-1.0.5-cp313-cp313-musllinux_1_1_x86_64.whl", hash = "sha256:b0d5c2f30f542d855dccf71a2bf59ff8c92b321c573fe4538be7aec635e4a11c", size = 555057 },
    { url = "https://files.pythonhosted.org/packages/82/c7/1ced9a0c895e114d0c280b882be39131931a88fb5d4fbe5eb3b10e96be4a/blake3-1.0.5-cp313-cp313-win32.whl", hash = "sha256:b3425aca2799ba992750f364de74cefed932d93e54e62b3b450ac33bf8269eeb", size = 234156 },
    { url = "https://files.pythonhosted.org/packages/c8/57/2d18ee7b155e1530e2ad8d8bbf9d01789c2c14013b14257814f9078e2b1d/blake3-1.0.5-cp313-cp313-win_amd64.whl", hash = "sha256:15981940f96691d08f2c4593a0153b720a57fedb32799ba96d147dc54a3f7ceb", size = 221797 },
    { url = "https://files.pythonhosted.org/packages/12/f8/ae5cf4e0d305ac055e034dd688fd85ed51c69e0218faeb9c92ad162d9dad/blake3-1.0.5-cp313-cp313t-macosx_10_12_x86_64.whl", hash = "sha256:402a44fd0e8c85d91342e397a23e4b36809bc2f11c859b6b33ba5798a31b46c5", size = 345738 },
    { url = "https://files.pythonhosted.org/packages/e7/f5/0b6032e29eee5b1d98f0855717c742c66b64e1405fb1eae466a944f347da/blake3-1.0.5-cp313-cp313t-macosx_11_0_arm64.whl", hash = "sha256:1eb5b09f7b11e3f04efdbaf0231f7d55d233703264bb654b2d84f94d2c9f86c5", size = 328064 },
    { url = "https://files.pythonhosted.org/packages/68/1e/6fa940402007eb6c7425efb28f03b085bd20c0a934306055ac8d5f6cecdd/blake3-1.0.5-cp313-cp313t-manylinux_2_17_aarch64.manylinux2014_aarch64.whl", hash = "sha256:36c072cbc196a17e92a039f76917356a92a0e37b5af1d8b1a5e02c5ee8cf5677", size = 373780 },
    { url = "https://files.pythonhosted.org/packages/93/52/af32617c297df04708b9ab18f496466c347959bc48bacc9bae185d34d830/blake3-1.0.5-cp313-cp313t-manylinux_2_17_armv7l.manylinux2014_armv7l.whl", hash = "sha256:4084a9d3a5ed301fd8b97bed502cae341c89f8fcb891b4abf793f73b71a80c1c", size = 374567 },
    { url = "https://files.pythonhosted.org/packages/0f/ea/c5ef763aa808c2467b2cf78b4bbf85a4836ec1f68975121353af5bea7888/blake3-1.0.5-cp313-cp313t-manylinux_2_17_i686.manylinux2014_i686.whl", hash = "sha256:7ec1c8d9da5e4184337af2d8e4403b97088aa64d6d72eeca5e980ee3e283ec75", size = 446570 },
    { url = "https://files.pythonhosted.org/packages/dc/fe/abeb8dd2ed5a90b75e2eac318643df66c03ad72e5c3df37c3cc36d96bed9/blake3-1.0.5-cp313-cp313t-manylinux_2_17_ppc64le.manylinux2014_ppc64le.whl", hash = "sha256:d3b56b7df6de580a71cb2c5b24a87732d6ccf225399e70370ae976ecda39c5bc", size = 509702 },
    { url = "https://files.pythonhosted.org/packages/56/1f/2062a84b46a5d762b0129109155afbc8154616031e647bfd9c54658b7380/blake3-1.0.5-cp313-cp313t-manylinux_2_17_s390x.manylinux2014_s390x.whl", hash = "sha256:4683e46a056b23a550a58e50b6d4ba278888aa435951729615a72e50ca36674b", size = 395541 },
    { url = "https://files.pythonhosted.org/packages/18/d1/6e1ba4be82f70df6014d6646aac68c67b3890778a88de13beb668a6adf45/blake3-1.0.5-cp313-cp313t-manylinux_2_17_x86_64.manylinux2014_x86_64.whl", hash = "sha256:5cb1f16cf65c799d551b62205bc361f84501c78c5bad1e136c8fd0b719a27e4b", size = 384282 },
    { url = "https://files.pythonhosted.org/packages/98/8c/4f5dffa401bdd7d75533597045fb2a5bb853b60736ef294b8b4362a172aa/blake3-1.0.5-cp313-cp313t-musllinux_1_1_aarch64.whl", hash = "sha256:83c8f2141caa97dda6109e91304f53c973358a70596c78947795d5dcd0dfe2b6", size = 549835 },
    { url = "https://files.pythonhosted.org/packages/a9/b0/f3ebf5c88e88c1787e316640808a50f4371bdfbed01b8f061ce888d01e7d/blake3-1.0.5-cp313-cp313t-musllinux_1_1_x86_64.whl", hash = "sha256:7d3941c3bb28d5287467f0ee3b1e15682d4664b6eddf156ad556475523737f95", size = 555360 },
    { url = "https://files.pythonhosted.org/packages/e5/95/3c0bc68accf45814072dbc73800b177200ffe833c72c3b587f2c20d15f50/blake3-1.0.5-cp313-cp313t-win32.whl", hash = "sha256:2fe3464aa94abb8bfc395f98cf6455153f28aa9278526ecf71aed7dc8bdd3a72", size = 234039 },
    { url = "https://files.pythonhosted.org/packages/e9/da/1e552eb583a968280abc638f1a6473054215da6831d38467465432107130/blake3-1.0.5-cp313-cp313t-win_amd64.whl", hash = "sha256:efbf948b3c88c980e42d256d92e7d7e30089665b895e7c1e1f19e202fef464f4", size = 221006 },
]

[[package]]
name = "click"
version = "8.2.1"
source = { registry = "https://pypi.org/simple" }
dependencies = [
    { name = "colorama", marker = "sys_platform == 'win32'" },
]
sdist = { url = "https://files.pythonhosted.org/packages/60/6c/8ca2efa64cf75a977a0d7fac081354553ebe483345c734fb6b6515d96bbc/click-8.2.1.tar.gz", hash = "sha256:27c491cc05d968d271d5a1db13e3b5a184636d9d930f148c50b038f0d0646202", size = 286342 }
wheels = [
    { url = "https://files.pythonhosted.org/packages/85/32/10bb5764d90a8eee674e9dc6f4db6a0ab47c8c4d0d83c27f7c39ac415a4d/click-8.2.1-py3-none-any.whl", hash = "sha256:61a3265b914e850b85317d0b3109c7f8cd35a670f963866005d6ef1d5175a12b", size = 102215 },
]

[[package]]
name = "colorama"
version = "0.4.6"
source = { registry = "https://pypi.org/simple" }
sdist = { url = "https://files.pythonhosted.org/packages/d8/53/6f443c9a4a8358a93a6792e2acffb9d9d5cb0a5cfd8802644b7b1c9a02e4/colorama-0.4.6.tar.gz", hash = "sha256:08695f5cb7ed6e0531a20572697297273c47b8cae5a63ffc6d6ed5c201be6e44", size = 27697 }
wheels = [
    { url = "https://files.pythonhosted.org/packages/d1/d6/3965ed04c63042e047cb6a3e6ed1a63a35087b6a609aa3a15ed8ac56c221/colorama-0.4.6-py2.py3-none-any.whl", hash = "sha256:4f1d9991f5acc0ca119f9d443620b77f9d6b33703e51011c16baf57afb285fc6", size = 25335 },
]

[[package]]
name = "psycopg"
version = "3.2.9"
source = { registry = "https://pypi.org/simple" }
dependencies = [
    { name = "typing-extensions", marker = "python_full_version < '3.13'" },
    { name = "tzdata", marker = "sys_platform == 'win32'" },
]
sdist = { url = "https://files.pythonhosted.org/packages/27/4a/93a6ab570a8d1a4ad171a1f4256e205ce48d828781312c0bbaff36380ecb/psycopg-3.2.9.tar.gz", hash = "sha256:2fbb46fcd17bc81f993f28c47f1ebea38d66ae97cc2dbc3cad73b37cefbff700", size = 158122 }
wheels = [
    { url = "https://files.pythonhosted.org/packages/44/b0/a73c195a56eb6b92e937a5ca58521a5c3346fb233345adc80fd3e2f542e2/psycopg-3.2.9-py3-none-any.whl", hash = "sha256:01a8dadccdaac2123c916208c96e06631641c0566b22005493f09663c7a8d3b6", size = 202705 },
]

[package.optional-dependencies]
binary = [
    { name = "psycopg-binary", marker = "implementation_name != 'pypy'" },
]

[[package]]
name = "psycopg-binary"
version = "3.2.9"
source = { registry = "https://pypi.org/simple" }
wheels = [
    { url = "https://files.pythonhosted.org/packages/b6/84/259ea58aca48e03c3c793b4ccfe39ed63db7b8081ef784d039330d9eed96/psycopg_binary-3.2.9-cp311-cp311-macosx_10_9_x86_64.whl", hash = "sha256:2504e9fd94eabe545d20cddcc2ff0da86ee55d76329e1ab92ecfcc6c0a8156c4", size = 4040785 },
    { url = "https://files.pythonhosted.org/packages/25/22/ce58ffda2b7e36e45042b4d67f1bbd4dd2ccf4cfd2649696685c61046475/psycopg_binary-3.2.9-cp311-cp311-macosx_11_0_arm64.whl", hash = "sha256:093a0c079dd6228a7f3c3d82b906b41964eaa062a9a8c19f45ab4984bf4e872b", size = 4087601 },
    { url = "https://files.pythonhosted.org/packages/c6/4f/b043e85268650c245025e80039b79663d8986f857bc3d3a72b1de67f3550/psycopg_binary-3.2.9-cp311-cp311-manylinux_2_17_aarch64.manylinux2014_aarch64.whl", hash = "sha256:387c87b51d72442708e7a853e7e7642717e704d59571da2f3b29e748be58c78a", size = 4676524 },
    { url = "https://files.pythonhosted.org/packages/da/29/7afbfbd3740ea52fda488db190ef2ef2a9ff7379b85501a2142fb9f7dd56/psycopg_binary-3.2.9-cp311-cp311-manylinux_2_17_i686.manylinux2014_i686.whl", hash = "sha256:d9ac10a2ebe93a102a326415b330fff7512f01a9401406896e78a81d75d6eddc", size = 4495671 },
    { url = "https://files.pythonhosted.org/packages/ea/eb/df69112d18a938cbb74efa1573082248437fa663ba66baf2cdba8a95a2d0/psycopg_binary-3.2.9-cp311-cp311-manylinux_2_17_ppc64le.manylinux2014_ppc64le.whl", hash = "sha256:72fdbda5b4c2a6a72320857ef503a6589f56d46821592d4377c8c8604810342b", size = 4768132 },
    { url = "https://files.pythonhosted.org/packages/76/fe/4803b20220c04f508f50afee9169268553f46d6eed99640a08c8c1e76409/psycopg_binary-3.2.9-cp311-cp311-manylinux_2_17_x86_64.manylinux2014_x86_64.whl", hash = "sha256:f34e88940833d46108f949fdc1fcfb74d6b5ae076550cd67ab59ef47555dba95", size = 4458394 },
    { url = "https://files.pythonhosted.org/packages/0f/0f/5ecc64607ef6f62b04e610b7837b1a802ca6f7cb7211339f5d166d55f1dd/psycopg_binary-3.2.9-cp311-cp311-musllinux_1_2_aarch64.whl", hash = "sha256:a3e0f89fe35cb03ff1646ab663dabf496477bab2a072315192dbaa6928862891", size = 3776879 },
    { url = "https://files.pythonhosted.org/packages/c8/d8/1c3d6e99b7db67946d0eac2cd15d10a79aa7b1e3222ce4aa8e7df72027f5/psycopg_binary-3.2.9-cp311-cp311-musllinux_1_2_i686.whl", hash = "sha256:6afb3e62f2a3456f2180a4eef6b03177788df7ce938036ff7f09b696d418d186", size = 3333329 },
    { url = "https://files.pythonhosted.org/packages/d7/02/a4e82099816559f558ccaf2b6945097973624dc58d5d1c91eb1e54e5a8e9/psycopg_binary-3.2.9-cp311-cp311-musllinux_1_2_ppc64le.whl", hash = "sha256:cc19ed5c7afca3f6b298bfc35a6baa27adb2019670d15c32d0bb8f780f7d560d", size = 3435683 },
    { url = "https://files.pythonhosted.org/packages/91/e4/f27055290d58e8818bed8a297162a096ef7f8ecdf01d98772d4b02af46c4/psycopg_binary-3.2.9-cp311-cp311-musllinux_1_2_x86_64.whl", hash = "sha256:bc75f63653ce4ec764c8f8c8b0ad9423e23021e1c34a84eb5f4ecac8538a4a4a", size = 3497124 },
    { url = "https://files.pythonhosted.org/packages/67/3d/17ed07579625529534605eeaeba34f0536754a5667dbf20ea2624fc80614/psycopg_binary-3.2.9-cp311-cp311-win_amd64.whl", hash = "sha256:3db3ba3c470801e94836ad78bf11fd5fab22e71b0c77343a1ee95d693879937a", size = 2939520 },
    { url = "https://files.pythonhosted.org/packages/29/6f/ec9957e37a606cd7564412e03f41f1b3c3637a5be018d0849914cb06e674/psycopg_binary-3.2.9-cp312-cp312-macosx_10_13_x86_64.whl", hash = "sha256:be7d650a434921a6b1ebe3fff324dbc2364393eb29d7672e638ce3e21076974e", size = 4022205 },
    { url = "https://files.pythonhosted.org/packages/6b/ba/497b8bea72b20a862ac95a94386967b745a472d9ddc88bc3f32d5d5f0d43/psycopg_binary-3.2.9-cp312-cp312-macosx_11_0_arm64.whl", hash = "sha256:6a76b4722a529390683c0304501f238b365a46b1e5fb6b7249dbc0ad6fea51a0", size = 4083795 },
    { url = "https://files.pythonhosted.org/packages/42/07/af9503e8e8bdad3911fd88e10e6a29240f9feaa99f57d6fac4a18b16f5a0/psycopg_binary-3.2.9-cp312-cp312-manylinux_2_17_aarch64.manylinux2014_aarch64.whl", hash = "sha256:96a551e4683f1c307cfc3d9a05fec62c00a7264f320c9962a67a543e3ce0d8ff", size = 4655043 },
    { url = "https://files.pythonhosted.org/packages/28/ed/aff8c9850df1648cc6a5cc7a381f11ee78d98a6b807edd4a5ae276ad60ad/psycopg_binary-3.2.9-cp312-cp312-manylinux_2_17_i686.manylinux2014_i686.whl", hash = "sha256:61d0a6ceed8f08c75a395bc28cb648a81cf8dee75ba4650093ad1a24a51c8724", size = 4477972 },
    { url = "https://files.pythonhosted.org/packages/5c/bd/8e9d1b77ec1a632818fe2f457c3a65af83c68710c4c162d6866947d08cc5/psycopg_binary-3.2.9-cp312-cp312-manylinux_2_17_ppc64le.manylinux2014_ppc64le.whl", hash = "sha256:ad280bbd409bf598683dda82232f5215cfc5f2b1bf0854e409b4d0c44a113b1d", size = 4737516 },
    { url = "https://files.pythonhosted.org/packages/46/ec/222238f774cd5a0881f3f3b18fb86daceae89cc410f91ef6a9fb4556f236/psycopg_binary-3.2.9-cp312-cp312-manylinux_2_17_x86_64.manylinux2014_x86_64.whl", hash = "sha256:76eddaf7fef1d0994e3d536ad48aa75034663d3a07f6f7e3e601105ae73aeff6", size = 4436160 },
    { url = "https://files.pythonhosted.org/packages/37/78/af5af2a1b296eeca54ea7592cd19284739a844974c9747e516707e7b3b39/psycopg_binary-3.2.9-cp312-cp312-musllinux_1_2_aarch64.whl", hash = "sha256:52e239cd66c4158e412318fbe028cd94b0ef21b0707f56dcb4bdc250ee58fd40", size = 3753518 },
    { url = "https://files.pythonhosted.org/packages/ec/ac/8a3ed39ea069402e9e6e6a2f79d81a71879708b31cc3454283314994b1ae/psycopg_binary-3.2.9-cp312-cp312-musllinux_1_2_i686.whl", hash = "sha256:08bf9d5eabba160dd4f6ad247cf12f229cc19d2458511cab2eb9647f42fa6795", size = 3313598 },
    { url = "https://files.pythonhosted.org/packages/da/43/26549af068347c808fbfe5f07d2fa8cef747cfff7c695136172991d2378b/psycopg_binary-3.2.9-cp312-cp312-musllinux_1_2_ppc64le.whl", hash = "sha256:1b2cf018168cad87580e67bdde38ff5e51511112f1ce6ce9a8336871f465c19a", size = 3407289 },
    { url = "https://files.pythonhosted.org/packages/67/55/ea8d227c77df8e8aec880ded398316735add8fda5eb4ff5cc96fac11e964/psycopg_binary-3.2.9-cp312-cp312-musllinux_1_2_x86_64.whl", hash = "sha256:14f64d1ac6942ff089fc7e926440f7a5ced062e2ed0949d7d2d680dc5c00e2d4", size = 3472493 },
    { url = "https://files.pythonhosted.org/packages/3c/02/6ff2a5bc53c3cd653d281666728e29121149179c73fddefb1e437024c192/psycopg_binary-3.2.9-cp312-cp312-win_amd64.whl", hash = "sha256:7a838852e5afb6b4126f93eb409516a8c02a49b788f4df8b6469a40c2157fa21", size = 2927400 },
    { url = "https://files.pythonhosted.org/packages/28/0b/f61ff4e9f23396aca674ed4d5c9a5b7323738021d5d72d36d8b865b3deaf/psycopg_binary-3.2.9-cp313-cp313-macosx_10_13_x86_64.whl", hash = "sha256:98bbe35b5ad24a782c7bf267596638d78aa0e87abc7837bdac5b2a2ab954179e", size = 4017127 },
    { url = "https://files.pythonhosted.org/packages/bc/00/7e181fb1179fbfc24493738b61efd0453d4b70a0c4b12728e2b82db355fd/psycopg_binary-3.2.9-cp313-cp313-macosx_11_0_arm64.whl", hash = "sha256:72691a1615ebb42da8b636c5ca9f2b71f266be9e172f66209a361c175b7842c5", size = 4080322 },
    { url = "https://files.pythonhosted.org/packages/58/fd/94fc267c1d1392c4211e54ccb943be96ea4032e761573cf1047951887494/psycopg_binary-3.2.9-cp313-cp313-manylinux_2_17_aarch64.manylinux2014_aarch64.whl", hash = "sha256:25ab464bfba8c401f5536d5aa95f0ca1dd8257b5202eede04019b4415f491351", size = 4655097 },
    { url = "https://files.pythonhosted.org/packages/41/17/31b3acf43de0b2ba83eac5878ff0dea5a608ca2a5c5dd48067999503a9de/psycopg_binary-3.2.9-cp313-cp313-manylinux_2_17_i686.manylinux2014_i686.whl", hash = "sha256:0e8aeefebe752f46e3c4b769e53f1d4ad71208fe1150975ef7662c22cca80fab", size = 4482114 },
    { url = "https://files.pythonhosted.org/packages/85/78/b4d75e5fd5a85e17f2beb977abbba3389d11a4536b116205846b0e1cf744/psycopg_binary-3.2.9-cp313-cp313-manylinux_2_17_ppc64le.manylinux2014_ppc64le.whl", hash = "sha256:b7e4e4dd177a8665c9ce86bc9caae2ab3aa9360b7ce7ec01827ea1baea9ff748", size = 4737693 },
    { url = "https://files.pythonhosted.org/packages/3b/95/7325a8550e3388b00b5e54f4ced5e7346b531eb4573bf054c3dbbfdc14fe/psycopg_binary-3.2.9-cp313-cp313-manylinux_2_17_x86_64.manylinux2014_x86_64.whl", hash = "sha256:7fc2915949e5c1ea27a851f7a472a7da7d0a40d679f0a31e42f1022f3c562e87", size = 4437423 },
    { url = "https://files.pythonhosted.org/packages/1a/db/cef77d08e59910d483df4ee6da8af51c03bb597f500f1fe818f0f3b925d3/psycopg_binary-3.2.9-cp313-cp313-musllinux_1_2_aarch64.whl", hash = "sha256:a1fa38a4687b14f517f049477178093c39c2a10fdcced21116f47c017516498f", size = 3758667 },
    { url = "https://files.pythonhosted.org/packages/95/3e/252fcbffb47189aa84d723b54682e1bb6d05c8875fa50ce1ada914ae6e28/psycopg_binary-3.2.9-cp313-cp313-musllinux_1_2_i686.whl", hash = "sha256:5be8292d07a3ab828dc95b5ee6b69ca0a5b2e579a577b39671f4f5b47116dfd2", size = 3320576 },
    { url = "https://files.pythonhosted.org/packages/1c/cd/9b5583936515d085a1bec32b45289ceb53b80d9ce1cea0fef4c782dc41a7/psycopg_binary-3.2.9-cp313-cp313-musllinux_1_2_ppc64le.whl", hash = "sha256:778588ca9897b6c6bab39b0d3034efff4c5438f5e3bd52fda3914175498202f9", size = 3411439 },
    { url = "https://files.pythonhosted.org/packages/45/6b/6f1164ea1634c87956cdb6db759e0b8c5827f989ee3cdff0f5c70e8331f2/psycopg_binary-3.2.9-cp313-cp313-musllinux_1_2_x86_64.whl", hash = "sha256:f0d5b3af045a187aedbd7ed5fc513bd933a97aaff78e61c3745b330792c4345b", size = 3477477 },
    { url = "https://files.pythonhosted.org/packages/7b/1d/bf54cfec79377929da600c16114f0da77a5f1670f45e0c3af9fcd36879bc/psycopg_binary-3.2.9-cp313-cp313-win_amd64.whl", hash = "sha256:2290bc146a1b6a9730350f695e8b670e1d1feb8446597bed0bbe7c3c30e0abcb", size = 2928009 },
]

[[package]]
name = "typing-extensions"
version = "4.15.0"
source = { registry = "https://pypi.org/simple" }
sdist = { url = "https://files.pythonhosted.org/packages/72/94/1a15dd82efb362ac84269196e94cf00f187f7ed21c242792a923cdb1c61f/typing_extensions-4.15.0.tar.gz", hash = "sha256:0cea48d173cc12fa28ecabc3b837ea3cf6f38c6d1136f85cbaaf598984861466", size = 109391 }
wheels = [
    { url = "https://files.pythonhosted.org/packages/18/67/36e9267722cc04a6b9f15c7f3441c2363321a3ea07da7ae0c0707beb2a9c/typing_extensions-4.15.0-py3-none-any.whl", hash = "sha256:f0fa19c6845758ab08074a0cfa8b7aecb71c999ca73d62883bc25cc018c4e548", size = 44614 },
]

[[package]]
name = "tzdata"
version = "2025.2"
source = { registry = "https://pypi.org/simple" }
sdist = { url = "https://files.pythonhosted.org/packages/95/32/1a225d6164441be760d75c2c42e2780dc0873fe382da3e98a2e1e48361e5/tzdata-2025.2.tar.gz", hash = "sha256:b60a638fcc0daffadf82fe0f57e53d06bdec2f36c4df66280ae79bce6bd6f2b9", size = 196380 }
wheels = [
    { url = "https://files.pythonhosted.org/packages/5c/23/c7abc0ca0a1526a0774eca151daeb8de62ec457e77262b66b359c3c7679e/tzdata-2025.2-py2.py3-none-any.whl", hash = "sha256:1a403fada01ff9221ca8044d701868fa132215d84beb92242d9acd2147f667a8", size = 347839 },
]

[[package]]
name = "vkarious"
version = "0.1.0"
source = { editable = "." }
dependencies = [
    { name = "blake3" },
    { name = "click" },
    { name = "psycopg", extra = ["binary"] },
]

[package.metadata]
requires-dist = [
    { name = "blake3", specifier = ">=1.0.5" },
    { name = "click", specifier = ">=8.1.7" },
    { name = "psycopg", extras = ["binary"], specifier = ">=3.1.18" },
]
